// !$*UTF8*$!
{
	archiveVersion = 1;
	classes = {
	};
	objectVersion = 52;
	objects = {

/* Begin PBXBuildFile section */
		2301646324E6C9FB001B70A9 /* main_marlin.svg in Resources */ = {isa = PBXBuildFile; fileRef = 2301645E24E6C9FA001B70A9 /* main_marlin.svg */; };
		2301646424E6C9FB001B70A9 /* main_seahorse.svg in Resources */ = {isa = PBXBuildFile; fileRef = 2301645F24E6C9FA001B70A9 /* main_seahorse.svg */; };
		2301646524E6C9FB001B70A9 /* main_bridge.svg in Resources */ = {isa = PBXBuildFile; fileRef = 2301646024E6C9FA001B70A9 /* main_bridge.svg */; };
		2301646624E6C9FB001B70A9 /* motif_shell.svg in Resources */ = {isa = PBXBuildFile; fileRef = 2301646124E6C9FB001B70A9 /* motif_shell.svg */; };
		2301646724E6C9FB001B70A9 /* main_a.svg in Resources */ = {isa = PBXBuildFile; fileRef = 2301646224E6C9FB001B70A9 /* main_a.svg */; };
		2304983624DFD7F900077DA8 /* isen_2.svg in Resources */ = {isa = PBXBuildFile; fileRef = 2304981824DFD7F900077DA8 /* isen_2.svg */; };
		2304983724DFD7F900077DA8 /* filler_11.svg in Resources */ = {isa = PBXBuildFile; fileRef = 2304981924DFD7F900077DA8 /* filler_11.svg */; };
		2304983824DFD7F900077DA8 /* filler_10.svg in Resources */ = {isa = PBXBuildFile; fileRef = 2304981A24DFD7F900077DA8 /* filler_10.svg */; };
		2304983924DFD7F900077DA8 /* isen_3.svg in Resources */ = {isa = PBXBuildFile; fileRef = 2304981B24DFD7F900077DA8 /* isen_3.svg */; };
		2304983B24DFD7F900077DA8 /* filler_12.svg in Resources */ = {isa = PBXBuildFile; fileRef = 2304981D24DFD7F900077DA8 /* filler_12.svg */; };
		2304983D24DFD7F900077DA8 /* isen_4.svg in Resources */ = {isa = PBXBuildFile; fileRef = 2304981F24DFD7F900077DA8 /* isen_4.svg */; };
		2304983E24DFD7F900077DA8 /* filler_9.svg in Resources */ = {isa = PBXBuildFile; fileRef = 2304982024DFD7F900077DA8 /* filler_9.svg */; };
		2304983F24DFD7F900077DA8 /* filler_8.svg in Resources */ = {isa = PBXBuildFile; fileRef = 2304982124DFD7F900077DA8 /* filler_8.svg */; };
		2304984024DFD7F900077DA8 /* filler_16.svg in Resources */ = {isa = PBXBuildFile; fileRef = 2304982224DFD7F900077DA8 /* filler_16.svg */; };
		2304984224DFD7F900077DA8 /* filler_14.svg in Resources */ = {isa = PBXBuildFile; fileRef = 2304982424DFD7F900077DA8 /* filler_14.svg */; };
		2304984324DFD7F900077DA8 /* filler_15.svg in Resources */ = {isa = PBXBuildFile; fileRef = 2304982524DFD7F900077DA8 /* filler_15.svg */; };
		2304984424DFD7F900077DA8 /* main_3.svg in Resources */ = {isa = PBXBuildFile; fileRef = 2304982624DFD7F900077DA8 /* main_3.svg */; };
		2304984524DFD7F900077DA8 /* main_2.svg in Resources */ = {isa = PBXBuildFile; fileRef = 2304982724DFD7F900077DA8 /* main_2.svg */; };
		2304984624DFD7F900077DA8 /* main_10.svg in Resources */ = {isa = PBXBuildFile; fileRef = 2304982824DFD7F900077DA8 /* main_10.svg */; };
		2304984724DFD7F900077DA8 /* main_1.svg in Resources */ = {isa = PBXBuildFile; fileRef = 2304982924DFD7F900077DA8 /* main_1.svg */; };
		2304984824DFD7F900077DA8 /* main_5.svg in Resources */ = {isa = PBXBuildFile; fileRef = 2304982A24DFD7F900077DA8 /* main_5.svg */; };
		2304984924DFD7F900077DA8 /* main_4.svg in Resources */ = {isa = PBXBuildFile; fileRef = 2304982B24DFD7F900077DA8 /* main_4.svg */; };
		2304984A24DFD7F900077DA8 /* main_6.svg in Resources */ = {isa = PBXBuildFile; fileRef = 2304982C24DFD7F900077DA8 /* main_6.svg */; };
		2304984B24DFD7F900077DA8 /* main_7.svg in Resources */ = {isa = PBXBuildFile; fileRef = 2304982D24DFD7F900077DA8 /* main_7.svg */; };
		2304984C24DFD7F900077DA8 /* main_9.svg in Resources */ = {isa = PBXBuildFile; fileRef = 2304982E24DFD7F900077DA8 /* main_9.svg */; };
		2304984D24DFD7F900077DA8 /* main_8.svg in Resources */ = {isa = PBXBuildFile; fileRef = 2304982F24DFD7F900077DA8 /* main_8.svg */; };
		2304984E24DFD7F900077DA8 /* filler_7.svg in Resources */ = {isa = PBXBuildFile; fileRef = 2304983024DFD7F900077DA8 /* filler_7.svg */; };
		2304985024DFD7F900077DA8 /* filler_4.svg in Resources */ = {isa = PBXBuildFile; fileRef = 2304983224DFD7F900077DA8 /* filler_4.svg */; };
		2304985124DFD7F900077DA8 /* filler_1.svg in Resources */ = {isa = PBXBuildFile; fileRef = 2304983324DFD7F900077DA8 /* filler_1.svg */; };
		2304985224DFD7F900077DA8 /* filler_3.svg in Resources */ = {isa = PBXBuildFile; fileRef = 2304983424DFD7F900077DA8 /* filler_3.svg */; };
		2304985324DFD7F900077DA8 /* filler_2.svg in Resources */ = {isa = PBXBuildFile; fileRef = 2304983524DFD7F900077DA8 /* filler_2.svg */; };
		2304985524DFDB7F00077DA8 /* ShapeModel.swift in Sources */ = {isa = PBXBuildFile; fileRef = 2304985424DFDB7F00077DA8 /* ShapeModel.swift */; };
		230A7A7C24D7EA2C009EF061 /* Constant.swift in Sources */ = {isa = PBXBuildFile; fileRef = 230A7A7B24D7EA2C009EF061 /* Constant.swift */; };
		231990A124E4E0620004EA2C /* String+Extension.swift in Sources */ = {isa = PBXBuildFile; fileRef = 231990A024E4E0620004EA2C /* String+Extension.swift */; };
		231990A424E4E0950004EA2C /* Notification+Extension.swift in Sources */ = {isa = PBXBuildFile; fileRef = 231990A324E4E0950004EA2C /* Notification+Extension.swift */; };
		2338244124E5233900F9467D /* UIView+Extension.swift in Sources */ = {isa = PBXBuildFile; fileRef = 2338244024E5233900F9467D /* UIView+Extension.swift */; };
		2338244324E5288C00F9467D /* CoreDataServices.swift in Sources */ = {isa = PBXBuildFile; fileRef = 2338244224E5288C00F9467D /* CoreDataServices.swift */; };
		2338244524E528EE00F9467D /* BatikModel.swift in Sources */ = {isa = PBXBuildFile; fileRef = 2338244424E528EE00F9467D /* BatikModel.swift */; };
		2338244724E534B800F9467D /* Date+Extension.swift in Sources */ = {isa = PBXBuildFile; fileRef = 2338244624E534B800F9467D /* Date+Extension.swift */; };
		2338244924E5455F00F9467D /* CustomColletionViewCell.swift in Sources */ = {isa = PBXBuildFile; fileRef = 2338244824E5455F00F9467D /* CustomColletionViewCell.swift */; };
		234064AF24E90A9E00DFF778 /* PreviewViewController.swift in Sources */ = {isa = PBXBuildFile; fileRef = 234064AE24E90A9E00DFF778 /* PreviewViewController.swift */; };
		237A78AD24E58FEE00661D6C /* SelectedViewController.swift in Sources */ = {isa = PBXBuildFile; fileRef = 237A78AC24E58FEE00661D6C /* SelectedViewController.swift */; };
		239496F824D1151F00F7151C /* DrawingViewController.swift in Sources */ = {isa = PBXBuildFile; fileRef = 239496F724D1151F00F7151C /* DrawingViewController.swift */; };
		23A8EF2024D8238B00671C4B /* HeaderCell.swift in Sources */ = {isa = PBXBuildFile; fileRef = 23A8EF1F24D8238B00671C4B /* HeaderCell.swift */; };
		23B45DD224DD1CBF00BD074B /* DrawingView.swift in Sources */ = {isa = PBXBuildFile; fileRef = 23B45DD124DD1CBF00BD074B /* DrawingView.swift */; };
		23C9C94524E67AF70036CBED /* OnboardingViewController.swift in Sources */ = {isa = PBXBuildFile; fileRef = 23C9C94424E67AF70036CBED /* OnboardingViewController.swift */; };
		23C9C94724E67C4E0036CBED /* UserDefault.swift in Sources */ = {isa = PBXBuildFile; fileRef = 23C9C94624E67C4E0036CBED /* UserDefault.swift */; };
		23E09FF624D7DF8800F30FF5 /* Macaw in Frameworks */ = {isa = PBXBuildFile; productRef = 23E09FF524D7DF8800F30FF5 /* Macaw */; };
		23F88E8124CFD85D00ACE986 /* AppDelegate.swift in Sources */ = {isa = PBXBuildFile; fileRef = 23F88E8024CFD85D00ACE986 /* AppDelegate.swift */; };
		23F88E8324CFD85D00ACE986 /* SceneDelegate.swift in Sources */ = {isa = PBXBuildFile; fileRef = 23F88E8224CFD85D00ACE986 /* SceneDelegate.swift */; };
		23F88E8524CFD85D00ACE986 /* GalleryViewController.swift in Sources */ = {isa = PBXBuildFile; fileRef = 23F88E8424CFD85D00ACE986 /* GalleryViewController.swift */; };
		23F88E8824CFD85D00ACE986 /* Main.storyboard in Resources */ = {isa = PBXBuildFile; fileRef = 23F88E8624CFD85D00ACE986 /* Main.storyboard */; };
		23F88E8B24CFD85D00ACE986 /* Batikin.xcdatamodeld in Sources */ = {isa = PBXBuildFile; fileRef = 23F88E8924CFD85D00ACE986 /* Batikin.xcdatamodeld */; };
		23F88E8D24CFD85E00ACE986 /* Assets.xcassets in Resources */ = {isa = PBXBuildFile; fileRef = 23F88E8C24CFD85E00ACE986 /* Assets.xcassets */; };
		23F88E9024CFD85E00ACE986 /* LaunchScreen.storyboard in Resources */ = {isa = PBXBuildFile; fileRef = 23F88E8E24CFD85E00ACE986 /* LaunchScreen.storyboard */; };
		75EE716E24E2C15F00E54CDF /* GradientSlider.swift in Sources */ = {isa = PBXBuildFile; fileRef = 75EE716C24E2C15F00E54CDF /* GradientSlider.swift */; };
		75EE716F24E2C15F00E54CDF /* ColorConvertor.swift in Sources */ = {isa = PBXBuildFile; fileRef = 75EE716D24E2C15F00E54CDF /* ColorConvertor.swift */; };
		A2482DBE24DA5AFB0003B7C2 /* BtnCollectionViewCell.swift in Sources */ = {isa = PBXBuildFile; fileRef = A2482DBD24DA5AFB0003B7C2 /* BtnCollectionViewCell.swift */; };
		A2482DE924E41EBB0003B7C2 /* Localizable.strings in Resources */ = {isa = PBXBuildFile; fileRef = A2482DEB24E41EBB0003B7C2 /* Localizable.strings */; };
/* End PBXBuildFile section */

/* Begin PBXFileReference section */
		2301645E24E6C9FA001B70A9 /* main_marlin.svg */ = {isa = PBXFileReference; fileEncoding = 4; lastKnownFileType = text.xml; path = main_marlin.svg; sourceTree = "<group>"; };
		2301645F24E6C9FA001B70A9 /* main_seahorse.svg */ = {isa = PBXFileReference; fileEncoding = 4; lastKnownFileType = text.xml; path = main_seahorse.svg; sourceTree = "<group>"; };
		2301646024E6C9FA001B70A9 /* main_bridge.svg */ = {isa = PBXFileReference; fileEncoding = 4; lastKnownFileType = text.xml; path = main_bridge.svg; sourceTree = "<group>"; };
		2301646124E6C9FB001B70A9 /* motif_shell.svg */ = {isa = PBXFileReference; fileEncoding = 4; lastKnownFileType = text.xml; path = motif_shell.svg; sourceTree = "<group>"; };
		2301646224E6C9FB001B70A9 /* main_a.svg */ = {isa = PBXFileReference; fileEncoding = 4; lastKnownFileType = text.xml; path = main_a.svg; sourceTree = "<group>"; };
		2304981824DFD7F900077DA8 /* isen_2.svg */ = {isa = PBXFileReference; fileEncoding = 4; lastKnownFileType = text.xml; path = isen_2.svg; sourceTree = "<group>"; };
		2304981924DFD7F900077DA8 /* filler_11.svg */ = {isa = PBXFileReference; fileEncoding = 4; lastKnownFileType = text; path = filler_11.svg; sourceTree = "<group>"; };
		2304981A24DFD7F900077DA8 /* filler_10.svg */ = {isa = PBXFileReference; fileEncoding = 4; lastKnownFileType = text; path = filler_10.svg; sourceTree = "<group>"; };
		2304981B24DFD7F900077DA8 /* isen_3.svg */ = {isa = PBXFileReference; fileEncoding = 4; lastKnownFileType = text.xml; path = isen_3.svg; sourceTree = "<group>"; };
		2304981D24DFD7F900077DA8 /* filler_12.svg */ = {isa = PBXFileReference; fileEncoding = 4; lastKnownFileType = text; path = filler_12.svg; sourceTree = "<group>"; };
		2304981F24DFD7F900077DA8 /* isen_4.svg */ = {isa = PBXFileReference; fileEncoding = 4; lastKnownFileType = text.xml; path = isen_4.svg; sourceTree = "<group>"; };
		2304982024DFD7F900077DA8 /* filler_9.svg */ = {isa = PBXFileReference; fileEncoding = 4; lastKnownFileType = text; path = filler_9.svg; sourceTree = "<group>"; };
		2304982124DFD7F900077DA8 /* filler_8.svg */ = {isa = PBXFileReference; fileEncoding = 4; lastKnownFileType = text; path = filler_8.svg; sourceTree = "<group>"; };
		2304982224DFD7F900077DA8 /* filler_16.svg */ = {isa = PBXFileReference; fileEncoding = 4; lastKnownFileType = text; path = filler_16.svg; sourceTree = "<group>"; };
		2304982424DFD7F900077DA8 /* filler_14.svg */ = {isa = PBXFileReference; fileEncoding = 4; lastKnownFileType = text; path = filler_14.svg; sourceTree = "<group>"; };
		2304982524DFD7F900077DA8 /* filler_15.svg */ = {isa = PBXFileReference; fileEncoding = 4; lastKnownFileType = text; path = filler_15.svg; sourceTree = "<group>"; };
		2304982624DFD7F900077DA8 /* main_3.svg */ = {isa = PBXFileReference; fileEncoding = 4; lastKnownFileType = text.xml; path = main_3.svg; sourceTree = "<group>"; };
		2304982724DFD7F900077DA8 /* main_2.svg */ = {isa = PBXFileReference; fileEncoding = 4; lastKnownFileType = text; path = main_2.svg; sourceTree = "<group>"; };
		2304982824DFD7F900077DA8 /* main_10.svg */ = {isa = PBXFileReference; fileEncoding = 4; lastKnownFileType = text; path = main_10.svg; sourceTree = "<group>"; };
		2304982924DFD7F900077DA8 /* main_1.svg */ = {isa = PBXFileReference; fileEncoding = 4; lastKnownFileType = text; path = main_1.svg; sourceTree = "<group>"; };
		2304982A24DFD7F900077DA8 /* main_5.svg */ = {isa = PBXFileReference; fileEncoding = 4; lastKnownFileType = text.xml; path = main_5.svg; sourceTree = "<group>"; };
		2304982B24DFD7F900077DA8 /* main_4.svg */ = {isa = PBXFileReference; fileEncoding = 4; lastKnownFileType = text.xml; path = main_4.svg; sourceTree = "<group>"; };
		2304982C24DFD7F900077DA8 /* main_6.svg */ = {isa = PBXFileReference; fileEncoding = 4; lastKnownFileType = text; path = main_6.svg; sourceTree = "<group>"; };
		2304982D24DFD7F900077DA8 /* main_7.svg */ = {isa = PBXFileReference; fileEncoding = 4; lastKnownFileType = text; path = main_7.svg; sourceTree = "<group>"; };
		2304982E24DFD7F900077DA8 /* main_9.svg */ = {isa = PBXFileReference; fileEncoding = 4; lastKnownFileType = text; path = main_9.svg; sourceTree = "<group>"; };
		2304982F24DFD7F900077DA8 /* main_8.svg */ = {isa = PBXFileReference; fileEncoding = 4; lastKnownFileType = text; path = main_8.svg; sourceTree = "<group>"; };
		2304983024DFD7F900077DA8 /* filler_7.svg */ = {isa = PBXFileReference; fileEncoding = 4; lastKnownFileType = text; path = filler_7.svg; sourceTree = "<group>"; };
		2304983224DFD7F900077DA8 /* filler_4.svg */ = {isa = PBXFileReference; fileEncoding = 4; lastKnownFileType = text; path = filler_4.svg; sourceTree = "<group>"; };
		2304983324DFD7F900077DA8 /* filler_1.svg */ = {isa = PBXFileReference; fileEncoding = 4; lastKnownFileType = text.xml; path = filler_1.svg; sourceTree = "<group>"; };
		2304983424DFD7F900077DA8 /* filler_3.svg */ = {isa = PBXFileReference; fileEncoding = 4; lastKnownFileType = text; path = filler_3.svg; sourceTree = "<group>"; };
		2304983524DFD7F900077DA8 /* filler_2.svg */ = {isa = PBXFileReference; fileEncoding = 4; lastKnownFileType = text; path = filler_2.svg; sourceTree = "<group>"; };
		2304985424DFDB7F00077DA8 /* ShapeModel.swift */ = {isa = PBXFileReference; lastKnownFileType = sourcecode.swift; path = ShapeModel.swift; sourceTree = "<group>"; };
		230A7A7B24D7EA2C009EF061 /* Constant.swift */ = {isa = PBXFileReference; lastKnownFileType = sourcecode.swift; path = Constant.swift; sourceTree = "<group>"; };
		231990A024E4E0620004EA2C /* String+Extension.swift */ = {isa = PBXFileReference; lastKnownFileType = sourcecode.swift; path = "String+Extension.swift"; sourceTree = "<group>"; };
		231990A324E4E0950004EA2C /* Notification+Extension.swift */ = {isa = PBXFileReference; lastKnownFileType = sourcecode.swift; path = "Notification+Extension.swift"; sourceTree = "<group>"; };
		2338244024E5233900F9467D /* UIView+Extension.swift */ = {isa = PBXFileReference; lastKnownFileType = sourcecode.swift; path = "UIView+Extension.swift"; sourceTree = "<group>"; };
		2338244224E5288C00F9467D /* CoreDataServices.swift */ = {isa = PBXFileReference; lastKnownFileType = sourcecode.swift; path = CoreDataServices.swift; sourceTree = "<group>"; };
		2338244424E528EE00F9467D /* BatikModel.swift */ = {isa = PBXFileReference; lastKnownFileType = sourcecode.swift; path = BatikModel.swift; sourceTree = "<group>"; };
		2338244624E534B800F9467D /* Date+Extension.swift */ = {isa = PBXFileReference; lastKnownFileType = sourcecode.swift; path = "Date+Extension.swift"; sourceTree = "<group>"; };
		2338244824E5455F00F9467D /* CustomColletionViewCell.swift */ = {isa = PBXFileReference; lastKnownFileType = sourcecode.swift; path = CustomColletionViewCell.swift; sourceTree = "<group>"; };
		234064AE24E90A9E00DFF778 /* PreviewViewController.swift */ = {isa = PBXFileReference; lastKnownFileType = sourcecode.swift; path = PreviewViewController.swift; sourceTree = "<group>"; };
		237A78AC24E58FEE00661D6C /* SelectedViewController.swift */ = {isa = PBXFileReference; lastKnownFileType = sourcecode.swift; path = SelectedViewController.swift; sourceTree = "<group>"; };
		239496F724D1151F00F7151C /* DrawingViewController.swift */ = {isa = PBXFileReference; lastKnownFileType = sourcecode.swift; path = DrawingViewController.swift; sourceTree = "<group>"; };
		23A8EF1F24D8238B00671C4B /* HeaderCell.swift */ = {isa = PBXFileReference; lastKnownFileType = sourcecode.swift; path = HeaderCell.swift; sourceTree = "<group>"; };
		23B45DD124DD1CBF00BD074B /* DrawingView.swift */ = {isa = PBXFileReference; lastKnownFileType = sourcecode.swift; path = DrawingView.swift; sourceTree = "<group>"; };
		23C9C94424E67AF70036CBED /* OnboardingViewController.swift */ = {isa = PBXFileReference; lastKnownFileType = sourcecode.swift; path = OnboardingViewController.swift; sourceTree = "<group>"; };
		23C9C94624E67C4E0036CBED /* UserDefault.swift */ = {isa = PBXFileReference; lastKnownFileType = sourcecode.swift; path = UserDefault.swift; sourceTree = "<group>"; };
		23F88E7D24CFD85D00ACE986 /* Batikin.app */ = {isa = PBXFileReference; explicitFileType = wrapper.application; includeInIndex = 0; path = Batikin.app; sourceTree = BUILT_PRODUCTS_DIR; };
		23F88E8024CFD85D00ACE986 /* AppDelegate.swift */ = {isa = PBXFileReference; lastKnownFileType = sourcecode.swift; path = AppDelegate.swift; sourceTree = "<group>"; };
		23F88E8224CFD85D00ACE986 /* SceneDelegate.swift */ = {isa = PBXFileReference; lastKnownFileType = sourcecode.swift; path = SceneDelegate.swift; sourceTree = "<group>"; };
		23F88E8424CFD85D00ACE986 /* GalleryViewController.swift */ = {isa = PBXFileReference; lastKnownFileType = sourcecode.swift; path = GalleryViewController.swift; sourceTree = "<group>"; };
		23F88E8724CFD85D00ACE986 /* Base */ = {isa = PBXFileReference; lastKnownFileType = file.storyboard; name = Base; path = Base.lproj/Main.storyboard; sourceTree = "<group>"; };
		23F88E8A24CFD85D00ACE986 /* Batikin.xcdatamodel */ = {isa = PBXFileReference; lastKnownFileType = wrapper.xcdatamodel; path = Batikin.xcdatamodel; sourceTree = "<group>"; };
		23F88E8C24CFD85E00ACE986 /* Assets.xcassets */ = {isa = PBXFileReference; lastKnownFileType = folder.assetcatalog; path = Assets.xcassets; sourceTree = "<group>"; };
		23F88E8F24CFD85E00ACE986 /* Base */ = {isa = PBXFileReference; lastKnownFileType = file.storyboard; name = Base; path = Base.lproj/LaunchScreen.storyboard; sourceTree = "<group>"; };
		23F88E9124CFD85E00ACE986 /* Info.plist */ = {isa = PBXFileReference; lastKnownFileType = text.plist.xml; path = Info.plist; sourceTree = "<group>"; };
		75EE716C24E2C15F00E54CDF /* GradientSlider.swift */ = {isa = PBXFileReference; fileEncoding = 4; lastKnownFileType = sourcecode.swift; path = GradientSlider.swift; sourceTree = "<group>"; };
		75EE716D24E2C15F00E54CDF /* ColorConvertor.swift */ = {isa = PBXFileReference; fileEncoding = 4; lastKnownFileType = sourcecode.swift; path = ColorConvertor.swift; sourceTree = "<group>"; };
		A2482DBD24DA5AFB0003B7C2 /* BtnCollectionViewCell.swift */ = {isa = PBXFileReference; lastKnownFileType = sourcecode.swift; path = BtnCollectionViewCell.swift; sourceTree = "<group>"; };
		A2482DE724E41EA50003B7C2 /* id */ = {isa = PBXFileReference; lastKnownFileType = text.plist.strings; name = id; path = id.lproj/Main.strings; sourceTree = "<group>"; };
		A2482DE824E41EA50003B7C2 /* id */ = {isa = PBXFileReference; lastKnownFileType = text.plist.strings; name = id; path = id.lproj/LaunchScreen.strings; sourceTree = "<group>"; };
		A2482DEA24E41EBB0003B7C2 /* id */ = {isa = PBXFileReference; lastKnownFileType = text.plist.strings; name = id; path = id.lproj/Localizable.strings; sourceTree = "<group>"; };
		A2482DED24E425AA0003B7C2 /* en */ = {isa = PBXFileReference; lastKnownFileType = text.plist.strings; name = en; path = en.lproj/Localizable.strings; sourceTree = "<group>"; };
		A2482DEF24E428DC0003B7C2 /* en */ = {isa = PBXFileReference; lastKnownFileType = text.plist.strings; name = en; path = en.lproj/Main.strings; sourceTree = "<group>"; };
/* End PBXFileReference section */

/* Begin PBXFrameworksBuildPhase section */
		23F88E7A24CFD85D00ACE986 /* Frameworks */ = {
			isa = PBXFrameworksBuildPhase;
			buildActionMask = 2147483647;
			files = (
				23E09FF624D7DF8800F30FF5 /* Macaw in Frameworks */,
			);
			runOnlyForDeploymentPostprocessing = 0;
		};
/* End PBXFrameworksBuildPhase section */

/* Begin PBXGroup section */
		2304981724DFD7F900077DA8 /* Shapes */ = {
			isa = PBXGroup;
			children = (
				2304983324DFD7F900077DA8 /* filler_1.svg */,
				2304983524DFD7F900077DA8 /* filler_2.svg */,
				2304983424DFD7F900077DA8 /* filler_3.svg */,
				2304983224DFD7F900077DA8 /* filler_4.svg */,
				2304983024DFD7F900077DA8 /* filler_7.svg */,
				2304982124DFD7F900077DA8 /* filler_8.svg */,
				2304982024DFD7F900077DA8 /* filler_9.svg */,
				2304981A24DFD7F900077DA8 /* filler_10.svg */,
				2304981924DFD7F900077DA8 /* filler_11.svg */,
				2304981D24DFD7F900077DA8 /* filler_12.svg */,
				2304982424DFD7F900077DA8 /* filler_14.svg */,
				2304982524DFD7F900077DA8 /* filler_15.svg */,
				2301646224E6C9FB001B70A9 /* main_a.svg */,
				2301645E24E6C9FA001B70A9 /* main_marlin.svg */,
				2301645F24E6C9FA001B70A9 /* main_seahorse.svg */,
				2301646024E6C9FA001B70A9 /* main_bridge.svg */,
				2301646124E6C9FB001B70A9 /* motif_shell.svg */,
				2304982224DFD7F900077DA8 /* filler_16.svg */,
				2304981824DFD7F900077DA8 /* isen_2.svg */,
				2304981B24DFD7F900077DA8 /* isen_3.svg */,
				2304981F24DFD7F900077DA8 /* isen_4.svg */,
				2304982924DFD7F900077DA8 /* main_1.svg */,
				2304982724DFD7F900077DA8 /* main_2.svg */,
				2304982624DFD7F900077DA8 /* main_3.svg */,
				2304982B24DFD7F900077DA8 /* main_4.svg */,
				2304982A24DFD7F900077DA8 /* main_5.svg */,
				2304982C24DFD7F900077DA8 /* main_6.svg */,
				2304982D24DFD7F900077DA8 /* main_7.svg */,
				2304982F24DFD7F900077DA8 /* main_8.svg */,
				2304982E24DFD7F900077DA8 /* main_9.svg */,
				2304982824DFD7F900077DA8 /* main_10.svg */,
			);
			path = Shapes;
			sourceTree = "<group>";
		};
		2304985624DFDC3B00077DA8 /* Models */ = {
			isa = PBXGroup;
			children = (
				2304985424DFDB7F00077DA8 /* ShapeModel.swift */,
				2338244424E528EE00F9467D /* BatikModel.swift */,
			);
			path = Models;
			sourceTree = "<group>";
		};
		231990A224E4E0650004EA2C /* Extensions */ = {
			isa = PBXGroup;
			children = (
				231990A024E4E0620004EA2C /* String+Extension.swift */,
				231990A324E4E0950004EA2C /* Notification+Extension.swift */,
				2338244024E5233900F9467D /* UIView+Extension.swift */,
				2338244624E534B800F9467D /* Date+Extension.swift */,
			);
			path = Extensions;
			sourceTree = "<group>";
		};
		239496F924D1152400F7151C /* ViewControllers */ = {
			isa = PBXGroup;
			children = (
				23F88E8424CFD85D00ACE986 /* GalleryViewController.swift */,
				239496F724D1151F00F7151C /* DrawingViewController.swift */,
				237A78AC24E58FEE00661D6C /* SelectedViewController.swift */,
				23C9C94424E67AF70036CBED /* OnboardingViewController.swift */,
				234064AE24E90A9E00DFF778 /* PreviewViewController.swift */,
			);
			path = ViewControllers;
			sourceTree = "<group>";
		};
		239496FA24D1152D00F7151C /* Storyboards */ = {
			isa = PBXGroup;
			children = (
				23F88E8624CFD85D00ACE986 /* Main.storyboard */,
				23F88E8E24CFD85E00ACE986 /* LaunchScreen.storyboard */,
			);
			path = Storyboards;
			sourceTree = "<group>";
		};
		239496FB24D1153400F7151C /* Supports */ = {
			isa = PBXGroup;
			children = (
				23F88E8024CFD85D00ACE986 /* AppDelegate.swift */,
				23F88E8224CFD85D00ACE986 /* SceneDelegate.swift */,
				230A7A7B24D7EA2C009EF061 /* Constant.swift */,
				2338244224E5288C00F9467D /* CoreDataServices.swift */,
				75EE716D24E2C15F00E54CDF /* ColorConvertor.swift */,
				23C9C94624E67C4E0036CBED /* UserDefault.swift */,
			);
			path = Supports;
			sourceTree = "<group>";
		};
		23F0A6C024DE7E4D0021B5AF /* ViewCells */ = {
			isa = PBXGroup;
			children = (
				A2482DBD24DA5AFB0003B7C2 /* BtnCollectionViewCell.swift */,
				23A8EF1F24D8238B00671C4B /* HeaderCell.swift */,
				2338244824E5455F00F9467D /* CustomColletionViewCell.swift */,
			);
			path = ViewCells;
			sourceTree = "<group>";
		};
		23F0A6C124DE7E610021B5AF /* CustomViews */ = {
			isa = PBXGroup;
			children = (
				75EE716C24E2C15F00E54CDF /* GradientSlider.swift */,
				23B45DD124DD1CBF00BD074B /* DrawingView.swift */,
			);
			path = CustomViews;
			sourceTree = "<group>";
		};
		23F88E7424CFD85D00ACE986 = {
			isa = PBXGroup;
			children = (
				23F88E7F24CFD85D00ACE986 /* Batikin */,
				23F88E7E24CFD85D00ACE986 /* Products */,
			);
			sourceTree = "<group>";
		};
		23F88E7E24CFD85D00ACE986 /* Products */ = {
			isa = PBXGroup;
			children = (
				23F88E7D24CFD85D00ACE986 /* Batikin.app */,
			);
			name = Products;
			sourceTree = "<group>";
		};
		23F88E7F24CFD85D00ACE986 /* Batikin */ = {
			isa = PBXGroup;
			children = (
				239496FB24D1153400F7151C /* Supports */,
				231990A224E4E0650004EA2C /* Extensions */,
				2304985624DFDC3B00077DA8 /* Models */,
				239496F924D1152400F7151C /* ViewControllers */,
				239496FA24D1152D00F7151C /* Storyboards */,
				23F0A6C024DE7E4D0021B5AF /* ViewCells */,
				23F0A6C124DE7E610021B5AF /* CustomViews */,
				23F88E8C24CFD85E00ACE986 /* Assets.xcassets */,
				2304981724DFD7F900077DA8 /* Shapes */,
				23F88E9124CFD85E00ACE986 /* Info.plist */,
				23F88E8924CFD85D00ACE986 /* Batikin.xcdatamodeld */,
				A2482DEB24E41EBB0003B7C2 /* Localizable.strings */,
			);
			path = Batikin;
			sourceTree = "<group>";
		};
/* End PBXGroup section */

/* Begin PBXNativeTarget section */
		23F88E7C24CFD85D00ACE986 /* Batikin */ = {
			isa = PBXNativeTarget;
			buildConfigurationList = 23F88E9424CFD85E00ACE986 /* Build configuration list for PBXNativeTarget "Batikin" */;
			buildPhases = (
				23F88E7924CFD85D00ACE986 /* Sources */,
				23F88E7A24CFD85D00ACE986 /* Frameworks */,
				23F88E7B24CFD85D00ACE986 /* Resources */,
			);
			buildRules = (
			);
			dependencies = (
			);
			name = Batikin;
			packageProductDependencies = (
				23E09FF524D7DF8800F30FF5 /* Macaw */,
			);
			productName = Batikin;
			productReference = 23F88E7D24CFD85D00ACE986 /* Batikin.app */;
			productType = "com.apple.product-type.application";
		};
/* End PBXNativeTarget section */

/* Begin PBXProject section */
		23F88E7524CFD85D00ACE986 /* Project object */ = {
			isa = PBXProject;
			attributes = {
				LastSwiftUpdateCheck = 1160;
				LastUpgradeCheck = 1160;
				ORGANIZATIONNAME = BatikAja;
				TargetAttributes = {
					23F88E7C24CFD85D00ACE986 = {
						CreatedOnToolsVersion = 11.6;
					};
				};
			};
			buildConfigurationList = 23F88E7824CFD85D00ACE986 /* Build configuration list for PBXProject "Batikin" */;
			compatibilityVersion = "Xcode 9.3";
			developmentRegion = en;
			hasScannedForEncodings = 0;
			knownRegions = (
				en,
				Base,
				id,
			);
			mainGroup = 23F88E7424CFD85D00ACE986;
			packageReferences = (
				23E09FF424D7DF8800F30FF5 /* XCRemoteSwiftPackageReference "Macaw" */,
			);
			productRefGroup = 23F88E7E24CFD85D00ACE986 /* Products */;
			projectDirPath = "";
			projectRoot = "";
			targets = (
				23F88E7C24CFD85D00ACE986 /* Batikin */,
			);
		};
/* End PBXProject section */

/* Begin PBXResourcesBuildPhase section */
		23F88E7B24CFD85D00ACE986 /* Resources */ = {
			isa = PBXResourcesBuildPhase;
			buildActionMask = 2147483647;
			files = (
				2304983724DFD7F900077DA8 /* filler_11.svg in Resources */,
				2304983824DFD7F900077DA8 /* filler_10.svg in Resources */,
				2304984D24DFD7F900077DA8 /* main_8.svg in Resources */,
				2301646324E6C9FB001B70A9 /* main_marlin.svg in Resources */,
				2304983F24DFD7F900077DA8 /* filler_8.svg in Resources */,
				2304983624DFD7F900077DA8 /* isen_2.svg in Resources */,
				2301646724E6C9FB001B70A9 /* main_a.svg in Resources */,
				2304984924DFD7F900077DA8 /* main_4.svg in Resources */,
				2304984324DFD7F900077DA8 /* filler_15.svg in Resources */,
				2304983924DFD7F900077DA8 /* isen_3.svg in Resources */,
				2301646624E6C9FB001B70A9 /* motif_shell.svg in Resources */,
				2304984524DFD7F900077DA8 /* main_2.svg in Resources */,
				2301646524E6C9FB001B70A9 /* main_bridge.svg in Resources */,
				2304984824DFD7F900077DA8 /* main_5.svg in Resources */,
				2304985124DFD7F900077DA8 /* filler_1.svg in Resources */,
				2304984024DFD7F900077DA8 /* filler_16.svg in Resources */,
				2301646424E6C9FB001B70A9 /* main_seahorse.svg in Resources */,
				2304984A24DFD7F900077DA8 /* main_6.svg in Resources */,
				2304983E24DFD7F900077DA8 /* filler_9.svg in Resources */,
				23F88E9024CFD85E00ACE986 /* LaunchScreen.storyboard in Resources */,
				2304984E24DFD7F900077DA8 /* filler_7.svg in Resources */,
				2304984C24DFD7F900077DA8 /* main_9.svg in Resources */,
				A2482DE924E41EBB0003B7C2 /* Localizable.strings in Resources */,
				23F88E8D24CFD85E00ACE986 /* Assets.xcassets in Resources */,
				2304984724DFD7F900077DA8 /* main_1.svg in Resources */,
				2304984B24DFD7F900077DA8 /* main_7.svg in Resources */,
				23F88E8824CFD85D00ACE986 /* Main.storyboard in Resources */,
				2304984624DFD7F900077DA8 /* main_10.svg in Resources */,
				2304984424DFD7F900077DA8 /* main_3.svg in Resources */,
				2304983B24DFD7F900077DA8 /* filler_12.svg in Resources */,
				2304985224DFD7F900077DA8 /* filler_3.svg in Resources */,
				2304985024DFD7F900077DA8 /* filler_4.svg in Resources */,
				2304984224DFD7F900077DA8 /* filler_14.svg in Resources */,
				2304983D24DFD7F900077DA8 /* isen_4.svg in Resources */,
				2304985324DFD7F900077DA8 /* filler_2.svg in Resources */,
			);
			runOnlyForDeploymentPostprocessing = 0;
		};
/* End PBXResourcesBuildPhase section */

/* Begin PBXSourcesBuildPhase section */
		23F88E7924CFD85D00ACE986 /* Sources */ = {
			isa = PBXSourcesBuildPhase;
			buildActionMask = 2147483647;
			files = (
				23F88E8524CFD85D00ACE986 /* GalleryViewController.swift in Sources */,
				A2482DBE24DA5AFB0003B7C2 /* BtnCollectionViewCell.swift in Sources */,
				23F88E8124CFD85D00ACE986 /* AppDelegate.swift in Sources */,
				2338244524E528EE00F9467D /* BatikModel.swift in Sources */,
				23C9C94524E67AF70036CBED /* OnboardingViewController.swift in Sources */,
				2338244124E5233900F9467D /* UIView+Extension.swift in Sources */,
				23F88E8B24CFD85D00ACE986 /* Batikin.xcdatamodeld in Sources */,
				231990A424E4E0950004EA2C /* Notification+Extension.swift in Sources */,
				237A78AD24E58FEE00661D6C /* SelectedViewController.swift in Sources */,
				75EE716F24E2C15F00E54CDF /* ColorConvertor.swift in Sources */,
				23F88E8324CFD85D00ACE986 /* SceneDelegate.swift in Sources */,
				2338244324E5288C00F9467D /* CoreDataServices.swift in Sources */,
				234064AF24E90A9E00DFF778 /* PreviewViewController.swift in Sources */,
				231990A124E4E0620004EA2C /* String+Extension.swift in Sources */,
				2304985524DFDB7F00077DA8 /* ShapeModel.swift in Sources */,
				23C9C94724E67C4E0036CBED /* UserDefault.swift in Sources */,
				2338244924E5455F00F9467D /* CustomColletionViewCell.swift in Sources */,
				239496F824D1151F00F7151C /* DrawingViewController.swift in Sources */,
				75EE716E24E2C15F00E54CDF /* GradientSlider.swift in Sources */,
				230A7A7C24D7EA2C009EF061 /* Constant.swift in Sources */,
				23A8EF2024D8238B00671C4B /* HeaderCell.swift in Sources */,
				23B45DD224DD1CBF00BD074B /* DrawingView.swift in Sources */,
				2338244724E534B800F9467D /* Date+Extension.swift in Sources */,
			);
			runOnlyForDeploymentPostprocessing = 0;
		};
/* End PBXSourcesBuildPhase section */

/* Begin PBXVariantGroup section */
		23F88E8624CFD85D00ACE986 /* Main.storyboard */ = {
			isa = PBXVariantGroup;
			children = (
				23F88E8724CFD85D00ACE986 /* Base */,
				A2482DE724E41EA50003B7C2 /* id */,
				A2482DEF24E428DC0003B7C2 /* en */,
			);
			name = Main.storyboard;
			sourceTree = "<group>";
		};
		23F88E8E24CFD85E00ACE986 /* LaunchScreen.storyboard */ = {
			isa = PBXVariantGroup;
			children = (
				23F88E8F24CFD85E00ACE986 /* Base */,
				A2482DE824E41EA50003B7C2 /* id */,
			);
			name = LaunchScreen.storyboard;
			sourceTree = "<group>";
		};
		A2482DEB24E41EBB0003B7C2 /* Localizable.strings */ = {
			isa = PBXVariantGroup;
			children = (
				A2482DEA24E41EBB0003B7C2 /* id */,
				A2482DED24E425AA0003B7C2 /* en */,
			);
			name = Localizable.strings;
			sourceTree = "<group>";
		};
/* End PBXVariantGroup section */

/* Begin XCBuildConfiguration section */
		23F88E9224CFD85E00ACE986 /* Debug */ = {
			isa = XCBuildConfiguration;
			buildSettings = {
				ALWAYS_SEARCH_USER_PATHS = NO;
				CLANG_ANALYZER_LOCALIZABILITY_NONLOCALIZED = YES;
				CLANG_ANALYZER_NONNULL = YES;
				CLANG_ANALYZER_NUMBER_OBJECT_CONVERSION = YES_AGGRESSIVE;
				CLANG_CXX_LANGUAGE_STANDARD = "gnu++14";
				CLANG_CXX_LIBRARY = "libc++";
				CLANG_ENABLE_MODULES = YES;
				CLANG_ENABLE_OBJC_ARC = YES;
				CLANG_ENABLE_OBJC_WEAK = YES;
				CLANG_WARN_BLOCK_CAPTURE_AUTORELEASING = YES;
				CLANG_WARN_BOOL_CONVERSION = YES;
				CLANG_WARN_COMMA = YES;
				CLANG_WARN_CONSTANT_CONVERSION = YES;
				CLANG_WARN_DEPRECATED_OBJC_IMPLEMENTATIONS = YES;
				CLANG_WARN_DIRECT_OBJC_ISA_USAGE = YES_ERROR;
				CLANG_WARN_DOCUMENTATION_COMMENTS = YES;
				CLANG_WARN_EMPTY_BODY = YES;
				CLANG_WARN_ENUM_CONVERSION = YES;
				CLANG_WARN_INFINITE_RECURSION = YES;
				CLANG_WARN_INT_CONVERSION = YES;
				CLANG_WARN_NON_LITERAL_NULL_CONVERSION = YES;
				CLANG_WARN_OBJC_IMPLICIT_RETAIN_SELF = YES;
				CLANG_WARN_OBJC_LITERAL_CONVERSION = YES;
				CLANG_WARN_OBJC_ROOT_CLASS = YES_ERROR;
				CLANG_WARN_RANGE_LOOP_ANALYSIS = YES;
				CLANG_WARN_STRICT_PROTOTYPES = YES;
				CLANG_WARN_SUSPICIOUS_MOVE = YES;
				CLANG_WARN_UNGUARDED_AVAILABILITY = YES_AGGRESSIVE;
				CLANG_WARN_UNREACHABLE_CODE = YES;
				CLANG_WARN__DUPLICATE_METHOD_MATCH = YES;
				COPY_PHASE_STRIP = NO;
				DEBUG_INFORMATION_FORMAT = dwarf;
				ENABLE_STRICT_OBJC_MSGSEND = YES;
				ENABLE_TESTABILITY = YES;
				GCC_C_LANGUAGE_STANDARD = gnu11;
				GCC_DYNAMIC_NO_PIC = NO;
				GCC_NO_COMMON_BLOCKS = YES;
				GCC_OPTIMIZATION_LEVEL = 0;
				GCC_PREPROCESSOR_DEFINITIONS = (
					"DEBUG=1",
					"$(inherited)",
				);
				GCC_WARN_64_TO_32_BIT_CONVERSION = YES;
				GCC_WARN_ABOUT_RETURN_TYPE = YES_ERROR;
				GCC_WARN_UNDECLARED_SELECTOR = YES;
				GCC_WARN_UNINITIALIZED_AUTOS = YES_AGGRESSIVE;
				GCC_WARN_UNUSED_FUNCTION = YES;
				GCC_WARN_UNUSED_VARIABLE = YES;
				IPHONEOS_DEPLOYMENT_TARGET = 13.6;
				MTL_ENABLE_DEBUG_INFO = INCLUDE_SOURCE;
				MTL_FAST_MATH = YES;
				ONLY_ACTIVE_ARCH = YES;
				SDKROOT = iphoneos;
				SWIFT_ACTIVE_COMPILATION_CONDITIONS = DEBUG;
				SWIFT_OPTIMIZATION_LEVEL = "-Onone";
			};
			name = Debug;
		};
		23F88E9324CFD85E00ACE986 /* Release */ = {
			isa = XCBuildConfiguration;
			buildSettings = {
				ALWAYS_SEARCH_USER_PATHS = NO;
				CLANG_ANALYZER_LOCALIZABILITY_NONLOCALIZED = YES;
				CLANG_ANALYZER_NONNULL = YES;
				CLANG_ANALYZER_NUMBER_OBJECT_CONVERSION = YES_AGGRESSIVE;
				CLANG_CXX_LANGUAGE_STANDARD = "gnu++14";
				CLANG_CXX_LIBRARY = "libc++";
				CLANG_ENABLE_MODULES = YES;
				CLANG_ENABLE_OBJC_ARC = YES;
				CLANG_ENABLE_OBJC_WEAK = YES;
				CLANG_WARN_BLOCK_CAPTURE_AUTORELEASING = YES;
				CLANG_WARN_BOOL_CONVERSION = YES;
				CLANG_WARN_COMMA = YES;
				CLANG_WARN_CONSTANT_CONVERSION = YES;
				CLANG_WARN_DEPRECATED_OBJC_IMPLEMENTATIONS = YES;
				CLANG_WARN_DIRECT_OBJC_ISA_USAGE = YES_ERROR;
				CLANG_WARN_DOCUMENTATION_COMMENTS = YES;
				CLANG_WARN_EMPTY_BODY = YES;
				CLANG_WARN_ENUM_CONVERSION = YES;
				CLANG_WARN_INFINITE_RECURSION = YES;
				CLANG_WARN_INT_CONVERSION = YES;
				CLANG_WARN_NON_LITERAL_NULL_CONVERSION = YES;
				CLANG_WARN_OBJC_IMPLICIT_RETAIN_SELF = YES;
				CLANG_WARN_OBJC_LITERAL_CONVERSION = YES;
				CLANG_WARN_OBJC_ROOT_CLASS = YES_ERROR;
				CLANG_WARN_RANGE_LOOP_ANALYSIS = YES;
				CLANG_WARN_STRICT_PROTOTYPES = YES;
				CLANG_WARN_SUSPICIOUS_MOVE = YES;
				CLANG_WARN_UNGUARDED_AVAILABILITY = YES_AGGRESSIVE;
				CLANG_WARN_UNREACHABLE_CODE = YES;
				CLANG_WARN__DUPLICATE_METHOD_MATCH = YES;
				COPY_PHASE_STRIP = NO;
				DEBUG_INFORMATION_FORMAT = "dwarf-with-dsym";
				ENABLE_NS_ASSERTIONS = NO;
				ENABLE_STRICT_OBJC_MSGSEND = YES;
				GCC_C_LANGUAGE_STANDARD = gnu11;
				GCC_NO_COMMON_BLOCKS = YES;
				GCC_WARN_64_TO_32_BIT_CONVERSION = YES;
				GCC_WARN_ABOUT_RETURN_TYPE = YES_ERROR;
				GCC_WARN_UNDECLARED_SELECTOR = YES;
				GCC_WARN_UNINITIALIZED_AUTOS = YES_AGGRESSIVE;
				GCC_WARN_UNUSED_FUNCTION = YES;
				GCC_WARN_UNUSED_VARIABLE = YES;
				IPHONEOS_DEPLOYMENT_TARGET = 13.6;
				MTL_ENABLE_DEBUG_INFO = NO;
				MTL_FAST_MATH = YES;
				SDKROOT = iphoneos;
				SWIFT_COMPILATION_MODE = wholemodule;
				SWIFT_OPTIMIZATION_LEVEL = "-O";
				VALIDATE_PRODUCT = YES;
			};
			name = Release;
		};
		23F88E9524CFD85E00ACE986 /* Debug */ = {
			isa = XCBuildConfiguration;
			buildSettings = {
				ASSETCATALOG_COMPILER_APPICON_NAME = AppIcon;
				CODE_SIGN_STYLE = Automatic;
				CURRENT_PROJECT_VERSION = 1.1;
				DEVELOPMENT_TEAM = S9J6B4A78J;
				INFOPLIST_FILE = Batikin/Info.plist;
				IPHONEOS_DEPLOYMENT_TARGET = 13.0;
				LD_RUNPATH_SEARCH_PATHS = (
					"$(inherited)",
					"@executable_path/Frameworks",
				);
				PRODUCT_BUNDLE_IDENTIFIER = com.batikaja.Batikin;
				PRODUCT_NAME = "$(TARGET_NAME)";
				SWIFT_VERSION = 5.0;
				TARGETED_DEVICE_FAMILY = 1;
			};
			name = Debug;
		};
		23F88E9624CFD85E00ACE986 /* Release */ = {
			isa = XCBuildConfiguration;
			buildSettings = {
				ASSETCATALOG_COMPILER_APPICON_NAME = AppIcon;
				CODE_SIGN_STYLE = Automatic;
				CURRENT_PROJECT_VERSION = 1.1;
				DEVELOPMENT_TEAM = S9J6B4A78J;
				INFOPLIST_FILE = Batikin/Info.plist;
				IPHONEOS_DEPLOYMENT_TARGET = 13.0;
				LD_RUNPATH_SEARCH_PATHS = (
					"$(inherited)",
					"@executable_path/Frameworks",
				);
				PRODUCT_BUNDLE_IDENTIFIER = com.batikaja.Batikin;
				PRODUCT_NAME = "$(TARGET_NAME)";
				SWIFT_VERSION = 5.0;
				TARGETED_DEVICE_FAMILY = 1;
			};
			name = Release;
		};
/* End XCBuildConfiguration section */

/* Begin XCConfigurationList section */
		23F88E7824CFD85D00ACE986 /* Build configuration list for PBXProject "Batikin" */ = {
			isa = XCConfigurationList;
			buildConfigurations = (
				23F88E9224CFD85E00ACE986 /* Debug */,
				23F88E9324CFD85E00ACE986 /* Release */,
			);
			defaultConfigurationIsVisible = 0;
			defaultConfigurationName = Release;
		};
		23F88E9424CFD85E00ACE986 /* Build configuration list for PBXNativeTarget "Batikin" */ = {
			isa = XCConfigurationList;
			buildConfigurations = (
				23F88E9524CFD85E00ACE986 /* Debug */,
				23F88E9624CFD85E00ACE986 /* Release */,
			);
			defaultConfigurationIsVisible = 0;
			defaultConfigurationName = Release;
		};
/* End XCConfigurationList section */

/* Begin XCRemoteSwiftPackageReference section */
		23E09FF424D7DF8800F30FF5 /* XCRemoteSwiftPackageReference "Macaw" */ = {
			isa = XCRemoteSwiftPackageReference;
			repositoryURL = "https://github.com/exyte/Macaw";
			requirement = {
				kind = upToNextMajorVersion;
				minimumVersion = 0.9.7;
			};
		};
/* End XCRemoteSwiftPackageReference section */

/* Begin XCSwiftPackageProductDependency section */
		23E09FF524D7DF8800F30FF5 /* Macaw */ = {
			isa = XCSwiftPackageProductDependency;
			package = 23E09FF424D7DF8800F30FF5 /* XCRemoteSwiftPackageReference "Macaw" */;
			productName = Macaw;
		};
/* End XCSwiftPackageProductDependency section */

/* Begin XCVersionGroup section */
		23F88E8924CFD85D00ACE986 /* Batikin.xcdatamodeld */ = {
			isa = XCVersionGroup;
			children = (
				23F88E8A24CFD85D00ACE986 /* Batikin.xcdatamodel */,
			);
			currentVersion = 23F88E8A24CFD85D00ACE986 /* Batikin.xcdatamodel */;
			path = Batikin.xcdatamodeld;
			sourceTree = "<group>";
			versionGroupType = wrapper.xcdatamodel;
		};
/* End XCVersionGroup section */
	};
	rootObject = 23F88E7524CFD85D00ACE986 /* Project object */;
}
